
Microsoft Visual Studio Solution File, Format Version 12.00
# Visual Studio 14
VisualStudioVersion = 14.0.25420.1
MinimumVisualStudioVersion = 10.0.40219.1
Project("{D954291E-2A0B-460D-934E-DC6B0785DB48}") = "SkiaSharpXamarinFormsDemo", "SkiaSharpXamarinFormsDemo\SkiaSharpXamarinFormsDemo\SkiaSharpXamarinFormsDemo.shproj", "{82E51E03-F904-4FBE-B10D-4ED3E1A5C988}"
EndProject
Project("{FAE04EC0-301F-11D3-BF4B-00C04F79EFBC}") = "SkiaSharpXamarinFormsDemo.Android", "SkiaSharpXamarinFormsDemo\SkiaSharpXamarinFormsDemo.Android\SkiaSharpXamarinFormsDemo.Android.csproj", "{CF30BF3C-0404-4071-912B-9308771B7E41}"
EndProject
Project("{FAE04EC0-301F-11D3-BF4B-00C04F79EFBC}") = "SkiaSharpXamarinFormsDemo.iOS", "SkiaSharpXamarinFormsDemo\SkiaSharpXamarinFormsDemo.iOS\SkiaSharpXamarinFormsDemo.iOS.csproj", "{00A5EF1C-32F9-40BB-8A83-815742DE57D6}"
EndProject
Project("{FAE04EC0-301F-11D3-BF4B-00C04F79EFBC}") = "SkiaSharpXamarinFormsDemo.UWP", "SkiaSharpXamarinFormsDemo\SkiaSharpXamarinFormsDemo.UWP\SkiaSharpXamarinFormsDemo.UWP.csproj", "{791BF759-8E9B-4E80-A2FF-A6FB09D84DCE}"
EndProject
Global
	GlobalSection(SharedMSBuildProjectFiles) = preSolution
		SkiaSharpXamarinFormsDemo\SkiaSharpXamarinFormsDemo\SkiaSharpXamarinFormsDemo.projitems*{00a5ef1c-32f9-40bb-8a83-815742de57d6}*SharedItemsImports = 4
		SkiaSharpXamarinFormsDemo\SkiaSharpXamarinFormsDemo\SkiaSharpXamarinFormsDemo.projitems*{791bf759-8e9b-4e80-a2ff-a6fb09d84dce}*SharedItemsImports = 4
		SkiaSharpXamarinFormsDemo\SkiaSharpXamarinFormsDemo\SkiaSharpXamarinFormsDemo.projitems*{82e51e03-f904-4fbe-b10d-4ed3e1a5c988}*SharedItemsImports = 13
		SkiaSharpXamarinFormsDemo\SkiaSharpXamarinFormsDemo\SkiaSharpXamarinFormsDemo.projitems*{cf30bf3c-0404-4071-912b-9308771b7e41}*SharedItemsImports = 4
	EndGlobalSection
	GlobalSection(SolutionConfigurationPlatforms) = preSolution
		Ad-Hoc|Any CPU = Ad-Hoc|Any CPU
		Ad-Hoc|ARM = Ad-Hoc|ARM
		Ad-Hoc|iPhone = Ad-Hoc|iPhone
		Ad-Hoc|iPhoneSimulator = Ad-Hoc|iPhoneSimulator
		Ad-Hoc|x64 = Ad-Hoc|x64
		Ad-Hoc|x86 = Ad-Hoc|x86
		AppStore|Any CPU = AppStore|Any CPU
		AppStore|ARM = AppStore|ARM
		AppStore|iPhone = AppStore|iPhone
		AppStore|iPhoneSimulator = AppStore|iPhoneSimulator
		AppStore|x64 = AppStore|x64
		AppStore|x86 = AppStore|x86
		Debug|Any CPU = Debug|Any CPU
		Debug|ARM = Debug|ARM
		Debug|iPhone = Debug|iPhone
		Debug|iPhoneSimulator = Debug|iPhoneSimulator
		Debug|x64 = Debug|x64
		Debug|x86 = Debug|x86
		Release|Any CPU = Release|Any CPU
		Release|ARM = Release|ARM
		Release|iPhone = Release|iPhone
		Release|iPhoneSimulator = Release|iPhoneSimulator
		Release|x64 = Release|x64
		Release|x86 = Release|x86
	EndGlobalSection
	GlobalSection(ProjectConfigurationPlatforms) = postSolution
		{CF30BF3C-0404-4071-912B-9308771B7E41}.Ad-Hoc|Any CPU.ActiveCfg = Release|Any CPU
		{CF30BF3C-0404-4071-912B-9308771B7E41}.Ad-Hoc|Any CPU.Build.0 = Release|Any CPU
		{CF30BF3C-0404-4071-912B-9308771B7E41}.Ad-Hoc|Any CPU.Deploy.0 = Release|Any CPU
		{CF30BF3C-0404-4071-912B-9308771B7E41}.Ad-Hoc|ARM.ActiveCfg = Release|Any CPU
		{CF30BF3C-0404-4071-912B-9308771B7E41}.Ad-Hoc|ARM.Build.0 = Release|Any CPU
		{CF30BF3C-0404-4071-912B-9308771B7E41}.Ad-Hoc|ARM.Deploy.0 = Release|Any CPU
		{CF30BF3C-0404-4071-912B-9308771B7E41}.Ad-Hoc|iPhone.ActiveCfg = Release|Any CPU
		{CF30BF3C-0404-4071-912B-9308771B7E41}.Ad-Hoc|iPhone.Build.0 = Release|Any CPU
		{CF30BF3C-0404-4071-912B-9308771B7E41}.Ad-Hoc|iPhone.Deploy.0 = Release|Any CPU
		{CF30BF3C-0404-4071-912B-9308771B7E41}.Ad-Hoc|iPhoneSimulator.ActiveCfg = Release|Any CPU
		{CF30BF3C-0404-4071-912B-9308771B7E41}.Ad-Hoc|iPhoneSimulator.Build.0 = Release|Any CPU
		{CF30BF3C-0404-4071-912B-9308771B7E41}.Ad-Hoc|iPhoneSimulator.Deploy.0 = Release|Any CPU
		{CF30BF3C-0404-4071-912B-9308771B7E41}.Ad-Hoc|x64.ActiveCfg = Release|Any CPU
		{CF30BF3C-0404-4071-912B-9308771B7E41}.Ad-Hoc|x64.Build.0 = Release|Any CPU
		{CF30BF3C-0404-4071-912B-9308771B7E41}.Ad-Hoc|x64.Deploy.0 = Release|Any CPU
		{CF30BF3C-0404-4071-912B-9308771B7E41}.Ad-Hoc|x86.ActiveCfg = Release|Any CPU
		{CF30BF3C-0404-4071-912B-9308771B7E41}.Ad-Hoc|x86.Build.0 = Release|Any CPU
		{CF30BF3C-0404-4071-912B-9308771B7E41}.Ad-Hoc|x86.Deploy.0 = Release|Any CPU
		{CF30BF3C-0404-4071-912B-9308771B7E41}.AppStore|Any CPU.ActiveCfg = Release|Any CPU
		{CF30BF3C-0404-4071-912B-9308771B7E41}.AppStore|Any CPU.Build.0 = Release|Any CPU
		{CF30BF3C-0404-4071-912B-9308771B7E41}.AppStore|Any CPU.Deploy.0 = Release|Any CPU
		{CF30BF3C-0404-4071-912B-9308771B7E41}.AppStore|ARM.ActiveCfg = Release|Any CPU
		{CF30BF3C-0404-4071-912B-9308771B7E41}.AppStore|ARM.Build.0 = Release|Any CPU
		{CF30BF3C-0404-4071-912B-9308771B7E41}.AppStore|ARM.Deploy.0 = Release|Any CPU
		{CF30BF3C-0404-4071-912B-9308771B7E41}.AppStore|iPhone.ActiveCfg = Release|Any CPU
		{CF30BF3C-0404-4071-912B-9308771B7E41}.AppStore|iPhone.Build.0 = Release|Any CPU
		{CF30BF3C-0404-4071-912B-9308771B7E41}.AppStore|iPhone.Deploy.0 = Release|Any CPU
		{CF30BF3C-0404-4071-912B-9308771B7E41}.AppStore|iPhoneSimulator.ActiveCfg = Release|Any CPU
		{CF30BF3C-0404-4071-912B-9308771B7E41}.AppStore|iPhoneSimulator.Build.0 = Release|Any CPU
		{CF30BF3C-0404-4071-912B-9308771B7E41}.AppStore|iPhoneSimulator.Deploy.0 = Release|Any CPU
		{CF30BF3C-0404-4071-912B-9308771B7E41}.AppStore|x64.ActiveCfg = Release|Any CPU
		{CF30BF3C-0404-4071-912B-9308771B7E41}.AppStore|x64.Build.0 = Release|Any CPU
		{CF30BF3C-0404-4071-912B-9308771B7E41}.AppStore|x64.Deploy.0 = Release|Any CPU
		{CF30BF3C-0404-4071-912B-9308771B7E41}.AppStore|x86.ActiveCfg = Release|Any CPU
		{CF30BF3C-0404-4071-912B-9308771B7E41}.AppStore|x86.Build.0 = Release|Any CPU
		{CF30BF3C-0404-4071-912B-9308771B7E41}.AppStore|x86.Deploy.0 = Release|Any CPU
		{CF30BF3C-0404-4071-912B-9308771B7E41}.Debug|Any CPU.ActiveCfg = Debug|Any CPU
		{CF30BF3C-0404-4071-912B-9308771B7E41}.Debug|Any CPU.Build.0 = Debug|Any CPU
		{CF30BF3C-0404-4071-912B-9308771B7E41}.Debug|Any CPU.Deploy.0 = Debug|Any CPU
		{CF30BF3C-0404-4071-912B-9308771B7E41}.Debug|ARM.ActiveCfg = Debug|Any CPU
		{CF30BF3C-0404-4071-912B-9308771B7E41}.Debug|ARM.Build.0 = Debug|Any CPU
		{CF30BF3C-0404-4071-912B-9308771B7E41}.Debug|ARM.Deploy.0 = Debug|Any CPU
		{CF30BF3C-0404-4071-912B-9308771B7E41}.Debug|iPhone.ActiveCfg = Debug|Any CPU
		{CF30BF3C-0404-4071-912B-9308771B7E41}.Debug|iPhone.Build.0 = Debug|Any CPU
		{CF30BF3C-0404-4071-912B-9308771B7E41}.Debug|iPhone.Deploy.0 = Debug|Any CPU
		{CF30BF3C-0404-4071-912B-9308771B7E41}.Debug|iPhoneSimulator.ActiveCfg = Debug|Any CPU
		{CF30BF3C-0404-4071-912B-9308771B7E41}.Debug|iPhoneSimulator.Build.0 = Debug|Any CPU
		{CF30BF3C-0404-4071-912B-9308771B7E41}.Debug|iPhoneSimulator.Deploy.0 = Debug|Any CPU
		{CF30BF3C-0404-4071-912B-9308771B7E41}.Debug|x64.ActiveCfg = Debug|Any CPU
		{CF30BF3C-0404-4071-912B-9308771B7E41}.Debug|x64.Build.0 = Debug|Any CPU
		{CF30BF3C-0404-4071-912B-9308771B7E41}.Debug|x64.Deploy.0 = Debug|Any CPU
		{CF30BF3C-0404-4071-912B-9308771B7E41}.Debug|x86.ActiveCfg = Debug|Any CPU
		{CF30BF3C-0404-4071-912B-9308771B7E41}.Debug|x86.Build.0 = Debug|Any CPU
		{CF30BF3C-0404-4071-912B-9308771B7E41}.Debug|x86.Deploy.0 = Debug|Any CPU
		{CF30BF3C-0404-4071-912B-9308771B7E41}.Release|Any CPU.ActiveCfg = Release|Any CPU
		{CF30BF3C-0404-4071-912B-9308771B7E41}.Release|Any CPU.Build.0 = Release|Any CPU
		{CF30BF3C-0404-4071-912B-9308771B7E41}.Release|Any CPU.Deploy.0 = Release|Any CPU
		{CF30BF3C-0404-4071-912B-9308771B7E41}.Release|ARM.ActiveCfg = Release|Any CPU
		{CF30BF3C-0404-4071-912B-9308771B7E41}.Release|ARM.Build.0 = Release|Any CPU
		{CF30BF3C-0404-4071-912B-9308771B7E41}.Release|ARM.Deploy.0 = Release|Any CPU
		{CF30BF3C-0404-4071-912B-9308771B7E41}.Release|iPhone.ActiveCfg = Release|Any CPU
		{CF30BF3C-0404-4071-912B-9308771B7E41}.Release|iPhone.Build.0 = Release|Any CPU
		{CF30BF3C-0404-4071-912B-9308771B7E41}.Release|iPhone.Deploy.0 = Release|Any CPU
		{CF30BF3C-0404-4071-912B-9308771B7E41}.Release|iPhoneSimulator.ActiveCfg = Release|Any CPU
		{CF30BF3C-0404-4071-912B-9308771B7E41}.Release|iPhoneSimulator.Build.0 = Release|Any CPU
		{CF30BF3C-0404-4071-912B-9308771B7E41}.Release|iPhoneSimulator.Deploy.0 = Release|Any CPU
		{CF30BF3C-0404-4071-912B-9308771B7E41}.Release|x64.ActiveCfg = Release|Any CPU
		{CF30BF3C-0404-4071-912B-9308771B7E41}.Release|x64.Build.0 = Release|Any CPU
		{CF30BF3C-0404-4071-912B-9308771B7E41}.Release|x64.Deploy.0 = Release|Any CPU
		{CF30BF3C-0404-4071-912B-9308771B7E41}.Release|x86.ActiveCfg = Release|Any CPU
		{CF30BF3C-0404-4071-912B-9308771B7E41}.Release|x86.Build.0 = Release|Any CPU
		{CF30BF3C-0404-4071-912B-9308771B7E41}.Release|x86.Deploy.0 = Release|Any CPU
		{00A5EF1C-32F9-40BB-8A83-815742DE57D6}.Ad-Hoc|Any CPU.ActiveCfg = Ad-Hoc|iPhone
		{00A5EF1C-32F9-40BB-8A83-815742DE57D6}.Ad-Hoc|ARM.ActiveCfg = Ad-Hoc|iPhone
		{00A5EF1C-32F9-40BB-8A83-815742DE57D6}.Ad-Hoc|iPhone.ActiveCfg = Ad-Hoc|iPhone
		{00A5EF1C-32F9-40BB-8A83-815742DE57D6}.Ad-Hoc|iPhone.Build.0 = Ad-Hoc|iPhone
		{00A5EF1C-32F9-40BB-8A83-815742DE57D6}.Ad-Hoc|iPhoneSimulator.ActiveCfg = Ad-Hoc|iPhoneSimulator
		{00A5EF1C-32F9-40BB-8A83-815742DE57D6}.Ad-Hoc|iPhoneSimulator.Build.0 = Ad-Hoc|iPhoneSimulator
		{00A5EF1C-32F9-40BB-8A83-815742DE57D6}.Ad-Hoc|x64.ActiveCfg = Ad-Hoc|iPhone
		{00A5EF1C-32F9-40BB-8A83-815742DE57D6}.Ad-Hoc|x86.ActiveCfg = Ad-Hoc|iPhone
		{00A5EF1C-32F9-40BB-8A83-815742DE57D6}.AppStore|Any CPU.ActiveCfg = AppStore|iPhone
		{00A5EF1C-32F9-40BB-8A83-815742DE57D6}.AppStore|ARM.ActiveCfg = AppStore|iPhone
		{00A5EF1C-32F9-40BB-8A83-815742DE57D6}.AppStore|iPhone.ActiveCfg = AppStore|iPhone
		{00A5EF1C-32F9-40BB-8A83-815742DE57D6}.AppStore|iPhone.Build.0 = AppStore|iPhone
		{00A5EF1C-32F9-40BB-8A83-815742DE57D6}.AppStore|iPhoneSimulator.ActiveCfg = AppStore|iPhoneSimulator
		{00A5EF1C-32F9-40BB-8A83-815742DE57D6}.AppStore|iPhoneSimulator.Build.0 = AppStore|iPhoneSimulator
		{00A5EF1C-32F9-40BB-8A83-815742DE57D6}.AppStore|x64.ActiveCfg = AppStore|iPhone
		{00A5EF1C-32F9-40BB-8A83-815742DE57D6}.AppStore|x86.ActiveCfg = AppStore|iPhone
		{00A5EF1C-32F9-40BB-8A83-815742DE57D6}.Debug|Any CPU.ActiveCfg = Debug|iPhone
		{00A5EF1C-32F9-40BB-8A83-815742DE57D6}.Debug|ARM.ActiveCfg = Debug|iPhone
		{00A5EF1C-32F9-40BB-8A83-815742DE57D6}.Debug|iPhone.ActiveCfg = Debug|iPhone
		{00A5EF1C-32F9-40BB-8A83-815742DE57D6}.Debug|iPhone.Build.0 = Debug|iPhone
		{00A5EF1C-32F9-40BB-8A83-815742DE57D6}.Debug|iPhoneSimulator.ActiveCfg = Debug|iPhoneSimulator
		{00A5EF1C-32F9-40BB-8A83-815742DE57D6}.Debug|iPhoneSimulator.Build.0 = Debug|iPhoneSimulator
		{00A5EF1C-32F9-40BB-8A83-815742DE57D6}.Debug|x64.ActiveCfg = Debug|iPhone
		{00A5EF1C-32F9-40BB-8A83-815742DE57D6}.Debug|x86.ActiveCfg = Debug|iPhone
		{00A5EF1C-32F9-40BB-8A83-815742DE57D6}.Release|Any CPU.ActiveCfg = Release|iPhone
		{00A5EF1C-32F9-40BB-8A83-815742DE57D6}.Release|ARM.ActiveCfg = Release|iPhone
		{00A5EF1C-32F9-40BB-8A83-815742DE57D6}.Release|iPhone.ActiveCfg = Release|iPhone
		{00A5EF1C-32F9-40BB-8A83-815742DE57D6}.Release|iPhone.Build.0 = Release|iPhone
		{00A5EF1C-32F9-40BB-8A83-815742DE57D6}.Release|iPhoneSimulator.ActiveCfg = Release|iPhoneSimulator
		{00A5EF1C-32F9-40BB-8A83-815742DE57D6}.Release|iPhoneSimulator.Build.0 = Release|iPhoneSimulator
		{00A5EF1C-32F9-40BB-8A83-815742DE57D6}.Release|x64.ActiveCfg = Release|iPhone
		{00A5EF1C-32F9-40BB-8A83-815742DE57D6}.Release|x86.ActiveCfg = Release|iPhone
		{791BF759-8E9B-4E80-A2FF-A6FB09D84DCE}.Ad-Hoc|Any CPU.ActiveCfg = Release|x86
		{791BF759-8E9B-4E80-A2FF-A6FB09D84DCE}.Ad-Hoc|Any CPU.Build.0 = Release|x86
		{791BF759-8E9B-4E80-A2FF-A6FB09D84DCE}.Ad-Hoc|Any CPU.Deploy.0 = Release|x86
		{791BF759-8E9B-4E80-A2FF-A6FB09D84DCE}.Ad-Hoc|ARM.ActiveCfg = Release|ARM
		{791BF759-8E9B-4E80-A2FF-A6FB09D84DCE}.Ad-Hoc|ARM.Build.0 = Release|ARM
		{791BF759-8E9B-4E80-A2FF-A6FB09D84DCE}.Ad-Hoc|ARM.Deploy.0 = Release|ARM
		{791BF759-8E9B-4E80-A2FF-A6FB09D84DCE}.Ad-Hoc|iPhone.ActiveCfg = Release|x86
		{791BF759-8E9B-4E80-A2FF-A6FB09D84DCE}.Ad-Hoc|iPhone.Build.0 = Release|x86
		{791BF759-8E9B-4E80-A2FF-A6FB09D84DCE}.Ad-Hoc|iPhone.Deploy.0 = Release|x86
		{791BF759-8E9B-4E80-A2FF-A6FB09D84DCE}.Ad-Hoc|iPhoneSimulator.ActiveCfg = Release|x86
		{791BF759-8E9B-4E80-A2FF-A6FB09D84DCE}.Ad-Hoc|iPhoneSimulator.Build.0 = Release|x86
		{791BF759-8E9B-4E80-A2FF-A6FB09D84DCE}.Ad-Hoc|iPhoneSimulator.Deploy.0 = Release|x86
		{791BF759-8E9B-4E80-A2FF-A6FB09D84DCE}.Ad-Hoc|x64.ActiveCfg = Release|x64
		{791BF759-8E9B-4E80-A2FF-A6FB09D84DCE}.Ad-Hoc|x64.Build.0 = Release|x64
		{791BF759-8E9B-4E80-A2FF-A6FB09D84DCE}.Ad-Hoc|x64.Deploy.0 = Release|x64
		{791BF759-8E9B-4E80-A2FF-A6FB09D84DCE}.Ad-Hoc|x86.ActiveCfg = Release|x86
		{791BF759-8E9B-4E80-A2FF-A6FB09D84DCE}.Ad-Hoc|x86.Build.0 = Release|x86
		{791BF759-8E9B-4E80-A2FF-A6FB09D84DCE}.Ad-Hoc|x86.Deploy.0 = Release|x86
		{791BF759-8E9B-4E80-A2FF-A6FB09D84DCE}.AppStore|Any CPU.ActiveCfg = Release|x86
		{791BF759-8E9B-4E80-A2FF-A6FB09D84DCE}.AppStore|Any CPU.Build.0 = Release|x86
		{791BF759-8E9B-4E80-A2FF-A6FB09D84DCE}.AppStore|Any CPU.Deploy.0 = Release|x86
		{791BF759-8E9B-4E80-A2FF-A6FB09D84DCE}.AppStore|ARM.ActiveCfg = Release|ARM
		{791BF759-8E9B-4E80-A2FF-A6FB09D84DCE}.AppStore|ARM.Build.0 = Release|ARM
		{791BF759-8E9B-4E80-A2FF-A6FB09D84DCE}.AppStore|ARM.Deploy.0 = Release|ARM
		{791BF759-8E9B-4E80-A2FF-A6FB09D84DCE}.AppStore|iPhone.ActiveCfg = Release|x86
		{791BF759-8E9B-4E80-A2FF-A6FB09D84DCE}.AppStore|iPhone.Build.0 = Release|x86
		{791BF759-8E9B-4E80-A2FF-A6FB09D84DCE}.AppStore|iPhone.Deploy.0 = Release|x86
		{791BF759-8E9B-4E80-A2FF-A6FB09D84DCE}.AppStore|iPhoneSimulator.ActiveCfg = Release|x86
		{791BF759-8E9B-4E80-A2FF-A6FB09D84DCE}.AppStore|iPhoneSimulator.Build.0 = Release|x86
		{791BF759-8E9B-4E80-A2FF-A6FB09D84DCE}.AppStore|iPhoneSimulator.Deploy.0 = Release|x86
		{791BF759-8E9B-4E80-A2FF-A6FB09D84DCE}.AppStore|x64.ActiveCfg = Release|x64
		{791BF759-8E9B-4E80-A2FF-A6FB09D84DCE}.AppStore|x64.Build.0 = Release|x64
		{791BF759-8E9B-4E80-A2FF-A6FB09D84DCE}.AppStore|x64.Deploy.0 = Release|x64
		{791BF759-8E9B-4E80-A2FF-A6FB09D84DCE}.AppStore|x86.ActiveCfg = Release|x86
		{791BF759-8E9B-4E80-A2FF-A6FB09D84DCE}.AppStore|x86.Build.0 = Release|x86
		{791BF759-8E9B-4E80-A2FF-A6FB09D84DCE}.AppStore|x86.Deploy.0 = Release|x86
		{791BF759-8E9B-4E80-A2FF-A6FB09D84DCE}.Debug|Any CPU.ActiveCfg = Debug|x86
		{791BF759-8E9B-4E80-A2FF-A6FB09D84DCE}.Debug|ARM.ActiveCfg = Debug|ARM
		{791BF759-8E9B-4E80-A2FF-A6FB09D84DCE}.Debug|ARM.Build.0 = Debug|ARM
		{791BF759-8E9B-4E80-A2FF-A6FB09D84DCE}.Debug|ARM.Deploy.0 = Debug|ARM
		{791BF759-8E9B-4E80-A2FF-A6FB09D84DCE}.Debug|iPhone.ActiveCfg = Debug|x86
		{791BF759-8E9B-4E80-A2FF-A6FB09D84DCE}.Debug|iPhoneSimulator.ActiveCfg = Debug|x86
		{791BF759-8E9B-4E80-A2FF-A6FB09D84DCE}.Debug|x64.ActiveCfg = Debug|x64
		{791BF759-8E9B-4E80-A2FF-A6FB09D84DCE}.Debug|x64.Build.0 = Debug|x64
		{791BF759-8E9B-4E80-A2FF-A6FB09D84DCE}.Debug|x64.Deploy.0 = Debug|x64
		{791BF759-8E9B-4E80-A2FF-A6FB09D84DCE}.Debug|x86.ActiveCfg = Debug|x86
		{791BF759-8E9B-4E80-A2FF-A6FB09D84DCE}.Debug|x86.Build.0 = Debug|x86
		{791BF759-8E9B-4E80-A2FF-A6FB09D84DCE}.Debug|x86.Deploy.0 = Debug|x86
		{791BF759-8E9B-4E80-A2FF-A6FB09D84DCE}.Release|Any CPU.ActiveCfg = Release|x86
		{791BF759-8E9B-4E80-A2FF-A6FB09D84DCE}.Release|ARM.ActiveCfg = Release|ARM
		{791BF759-8E9B-4E80-A2FF-A6FB09D84DCE}.Release|ARM.Build.0 = Release|ARM
		{791BF759-8E9B-4E80-A2FF-A6FB09D84DCE}.Release|ARM.Deploy.0 = Release|ARM
		{791BF759-8E9B-4E80-A2FF-A6FB09D84DCE}.Release|iPhone.ActiveCfg = Release|x86
		{791BF759-8E9B-4E80-A2FF-A6FB09D84DCE}.Release|iPhoneSimulator.ActiveCfg = Release|x86
		{791BF759-8E9B-4E80-A2FF-A6FB09D84DCE}.Release|x64.ActiveCfg = Release|x64
		{791BF759-8E9B-4E80-A2FF-A6FB09D84DCE}.Release|x64.Build.0 = Release|x64
		{791BF759-8E9B-4E80-A2FF-A6FB09D84DCE}.Release|x64.Deploy.0 = Release|x64
		{791BF759-8E9B-4E80-A2FF-A6FB09D84DCE}.Release|x86.ActiveCfg = Release|x86
		{791BF759-8E9B-4E80-A2FF-A6FB09D84DCE}.Release|x86.Build.0 = Release|x86
		{791BF759-8E9B-4E80-A2FF-A6FB09D84DCE}.Release|x86.Deploy.0 = Release|x86
	EndGlobalSection
	GlobalSection(SolutionProperties) = preSolution
		HideSolutionNode = FALSE
	EndGlobalSection
EndGlobal
